
Microsoft Visual Studio Solution File, Format Version 12.00
# Visual Studio Version 17
VisualStudioVersion = 17.5.002.0
MinimumVisualStudioVersion = 10.0.40219.1
Project("{9A19103F-16F7-4668-BE54-9A1E7A4F7556}") = "Logic", "Logic\Logic.csproj", "{52CF7311-2827-4208-A8D6-CD99E6C49B51}"
EndProject
Project("{9A19103F-16F7-4668-BE54-9A1E7A4F7556}") = "Web", "Web\Web.csproj", "{07E54701-0390-492B-8592-021E519F41EE}"
EndProject
Project("{9A19103F-16F7-4668-BE54-9A1E7A4F7556}") = "Test", "Test\Test.csproj", "{084DA13D-AE08-4FA6-ABE1-05B6AAC74837}"
EndProject
Global
	GlobalSection(SolutionConfigurationPlatforms) = preSolution
		Debug|Any CPU = Debug|Any CPU
		Release|Any CPU = Release|Any CPU
	EndGlobalSection
	GlobalSection(ProjectConfigurationPlatforms) = postSolution
		{52CF7311-2827-4208-A8D6-CD99E6C49B51}.Debug|Any CPU.ActiveCfg = Debug|Any CPU
		{52CF7311-2827-4208-A8D6-CD99E6C49B51}.Debug|Any CPU.Build.0 = Debug|Any CPU
		{52CF7311-2827-4208-A8D6-CD99E6C49B51}.Release|Any CPU.ActiveCfg = Release|Any CPU
		{52CF7311-2827-4208-A8D6-CD99E6C49B51}.Release|Any CPU.Build.0 = Release|Any CPU
		{07E54701-0390-492B-8592-021E519F41EE}.Debug|Any CPU.ActiveCfg = Debug|Any CPU
		{07E54701-0390-492B-8592-021E519F41EE}.Debug|Any CPU.Build.0 = Debug|Any CPU
		{07E54701-0390-492B-8592-021E519F41EE}.Release|Any CPU.ActiveCfg = Release|Any CPU
		{07E54701-0390-492B-8592-021E519F41EE}.Release|Any CPU.Build.0 = Release|Any CPU
		{084DA13D-AE08-4FA6-ABE1-05B6AAC74837}.Debug|Any CPU.ActiveCfg = Debug|Any CPU
		{084DA13D-AE08-4FA6-ABE1-05B6AAC74837}.Debug|Any CPU.Build.0 = Debug|Any CPU
		{084DA13D-AE08-4FA6-ABE1-05B6AAC74837}.Release|Any CPU.ActiveCfg = Release|Any CPU
		{084DA13D-AE08-4FA6-ABE1-05B6AAC74837}.Release|Any CPU.Build.0 = Release|Any CPU
	EndGlobalSection
	GlobalSection(SolutionProperties) = preSolution
		HideSolutionNode = FALSE
	EndGlobalSection
	GlobalSection(ExtensibilityGlobals) = postSolution
		SolutionGuid = {B89B154C-F10E-4553-AD53-B78A7ABF36EC}
	EndGlobalSection
EndGlobal
